
Microsoft Visual Studio Solution File, Format Version 12.00
# Visual Studio Version 17
VisualStudioVersion = 17.6.33723.286
MinimumVisualStudioVersion = 10.0.40219.1
Project("{9A19103F-16F7-4668-BE54-9A1E7A4F7556}") = "Maximus", "Maximus\Maximus.csproj", "{7B60DBEF-7EA4-4823-B74F-9643D3332E24}"
EndProject
Global
	GlobalSection(SolutionConfigurationPlatforms) = preSolution
		Debug|Any CPU = Debug|Any CPU
		Release|Any CPU = Release|Any CPU
	EndGlobalSection
	GlobalSection(ProjectConfigurationPlatforms) = postSolution
		{7B60DBEF-7EA4-4823-B74F-9643D3332E24}.Debug|Any CPU.ActiveCfg = Debug|Any CPU
		{7B60DBEF-7EA4-4823-B74F-9643D3332E24}.Debug|Any CPU.Build.0 = Debug|Any CPU
		{7B60DBEF-7EA4-4823-B74F-9643D3332E24}.Release|Any CPU.ActiveCfg = Release|Any CPU
		{7B60DBEF-7EA4-4823-B74F-9643D3332E24}.Release|Any CPU.Build.0 = Release|Any CPU
	EndGlobalSection
	GlobalSection(SolutionProperties) = preSolution
		HideSolutionNode = FALSE
	EndGlobalSection
	GlobalSection(ExtensibilityGlobals) = postSolution
		SolutionGuid = {6951D195-7594-409A-BF08-BF7D62E7218C}
	EndGlobalSection
EndGlobal
